
Microsoft Visual Studio Solution File, Format Version 12.00
# Visual Studio Version 16
VisualStudioVersion = 16.0.31112.23
MinimumVisualStudioVersion = 10.0.40219.1
Project("{FAE04EC0-301F-11D3-BF4B-00C04F79EFBC}") = "Luis_Bazaldua_GOL", "Luis_Bazaldua_GOL\Luis_Bazaldua_GOL.csproj", "{BD20647C-172E-4D17-8CD0-1D38BA2806E6}"
EndProject
Global
	GlobalSection(SolutionConfigurationPlatforms) = preSolution
		Debug|Any CPU = Debug|Any CPU
		Release|Any CPU = Release|Any CPU
	EndGlobalSection
	GlobalSection(ProjectConfigurationPlatforms) = postSolution
		{BD20647C-172E-4D17-8CD0-1D38BA2806E6}.Debug|Any CPU.ActiveCfg = Debug|Any CPU
		{BD20647C-172E-4D17-8CD0-1D38BA2806E6}.Debug|Any CPU.Build.0 = Debug|Any CPU
		{BD20647C-172E-4D17-8CD0-1D38BA2806E6}.Release|Any CPU.ActiveCfg = Release|Any CPU
		{BD20647C-172E-4D17-8CD0-1D38BA2806E6}.Release|Any CPU.Build.0 = Release|Any CPU
	EndGlobalSection
	GlobalSection(SolutionProperties) = preSolution
		HideSolutionNode = FALSE
	EndGlobalSection
	GlobalSection(ExtensibilityGlobals) = postSolution
		SolutionGuid = {10DE75E6-911C-4424-A9BD-7B3D343BE098}
	EndGlobalSection
EndGlobal
